
Microsoft Visual Studio Solution File, Format Version 12.00
Project("{FAE04EC0-301F-11D3-BF4B-00C04F79EFBC}") = "LocalizeApi", "LocalizeApi\LocalizeApi.csproj", "{523871C9-2077-430C-B1F0-90B3B2D9781B}"
EndProject
Global
	GlobalSection(SolutionConfigurationPlatforms) = preSolution
		Debug|Any CPU = Debug|Any CPU
		Release|Any CPU = Release|Any CPU
	EndGlobalSection
	GlobalSection(ProjectConfigurationPlatforms) = postSolution
		{523871C9-2077-430C-B1F0-90B3B2D9781B}.Debug|Any CPU.ActiveCfg = Debug|Any CPU
		{523871C9-2077-430C-B1F0-90B3B2D9781B}.Debug|Any CPU.Build.0 = Debug|Any CPU
		{523871C9-2077-430C-B1F0-90B3B2D9781B}.Release|Any CPU.ActiveCfg = Release|Any CPU
		{523871C9-2077-430C-B1F0-90B3B2D9781B}.Release|Any CPU.Build.0 = Release|Any CPU
	EndGlobalSection
EndGlobal
